// !$*UTF8*$!
{
	archiveVersion = 1;
	classes = {
	};
	objectVersion = 46;
	objects = {

/* Begin PBXBuildFile section */
		1618E0BC20A3625C00825DA8 /* PhilliesTeamView.swift in Sources */ = {isa = PBXBuildFile; fileRef = 1618E0BB20A3625C00825DA8 /* PhilliesTeamView.swift */; };
		1618E0BE20A3654900825DA8 /* FlyersTeamView.swift in Sources */ = {isa = PBXBuildFile; fileRef = 1618E0BD20A3654900825DA8 /* FlyersTeamView.swift */; };
		1618E0C020A3689500825DA8 /* JoelEmbiidView.swift in Sources */ = {isa = PBXBuildFile; fileRef = 1618E0BF20A3689500825DA8 /* JoelEmbiidView.swift */; };
		161D84B0209CCA19002B90EB /* SixersTeamStats.swift in Sources */ = {isa = PBXBuildFile; fileRef = 161D84AF209CCA19002B90EB /* SixersTeamStats.swift */; };
		161D84B2209CD068002B90EB /* EaglesTeamStats.swift in Sources */ = {isa = PBXBuildFile; fileRef = 161D84B1209CD068002B90EB /* EaglesTeamStats.swift */; };
		163D182720A603FA00AE67D9 /* BenSimmonsView.swift in Sources */ = {isa = PBXBuildFile; fileRef = 163D182620A603FA00AE67D9 /* BenSimmonsView.swift */; };
		163D182920A6059200AE67D9 /* JJRedickView.swift in Sources */ = {isa = PBXBuildFile; fileRef = 163D182820A6059200AE67D9 /* JJRedickView.swift */; };
		163D182B20A606FE00AE67D9 /* DarioSaricView.swift in Sources */ = {isa = PBXBuildFile; fileRef = 163D182A20A606FE00AE67D9 /* DarioSaricView.swift */; };
		163D182D20A6086700AE67D9 /* ClaudeGirouxView.swift in Sources */ = {isa = PBXBuildFile; fileRef = 163D182C20A6086700AE67D9 /* ClaudeGirouxView.swift */; };
		163D182F20A609CE00AE67D9 /* JakeArrietaView.swift in Sources */ = {isa = PBXBuildFile; fileRef = 163D182E20A609CE00AE67D9 /* JakeArrietaView.swift */; };
		163D183120A60ADE00AE67D9 /* CarsonWentzView.swift in Sources */ = {isa = PBXBuildFile; fileRef = 163D183020A60ADE00AE67D9 /* CarsonWentzView.swift */; };
		1643E33720A9F8DE00A27BC1 /* ShayneGostisbehereView.swift in Sources */ = {isa = PBXBuildFile; fileRef = 1643E33620A9F8DE00A27BC1 /* ShayneGostisbehereView.swift */; };
		1643E33920A9F9CE00A27BC1 /* DarrenSprolesView.swift in Sources */ = {isa = PBXBuildFile; fileRef = 1643E33820A9F9CE00A27BC1 /* DarrenSprolesView.swift */; };
		1643E33B20A9FB7300A27BC1 /* AaronNolaView.swift in Sources */ = {isa = PBXBuildFile; fileRef = 1643E33A20A9FB7300A27BC1 /* AaronNolaView.swift */; };
		1643E33D20A9FC6A00A27BC1 /* NickWilliamsView.swift in Sources */ = {isa = PBXBuildFile; fileRef = 1643E33C20A9FC6A00A27BC1 /* NickWilliamsView.swift */; };
		1643E33F20A9FE3800A27BC1 /* OdubelHerreraView.swift in Sources */ = {isa = PBXBuildFile; fileRef = 1643E33E20A9FE3800A27BC1 /* OdubelHerreraView.swift */; };
		1643E34120A9FF6F00A27BC1 /* AlshonJefferyView.swift in Sources */ = {isa = PBXBuildFile; fileRef = 1643E34020A9FF6F00A27BC1 /* AlshonJefferyView.swift */; };
		165CFDFB209B7B2600D4F038 /* AppDelegate.swift in Sources */ = {isa = PBXBuildFile; fileRef = 165CFDFA209B7B2600D4F038 /* AppDelegate.swift */; };
		165CFDFD209B7B2600D4F038 /* ViewController.swift in Sources */ = {isa = PBXBuildFile; fileRef = 165CFDFC209B7B2600D4F038 /* ViewController.swift */; };
		165CFE00209B7B2700D4F038 /* Main.storyboard in Resources */ = {isa = PBXBuildFile; fileRef = 165CFDFE209B7B2700D4F038 /* Main.storyboard */; };
		165CFE02209B7B2700D4F038 /* Assets.xcassets in Resources */ = {isa = PBXBuildFile; fileRef = 165CFE01209B7B2700D4F038 /* Assets.xcassets */; };
		165CFE05209B7B2700D4F038 /* LaunchScreen.storyboard in Resources */ = {isa = PBXBuildFile; fileRef = 165CFE03209B7B2700D4F038 /* LaunchScreen.storyboard */; };
		165CFE0D209B7D6D00D4F038 /* SixersView.swift in Sources */ = {isa = PBXBuildFile; fileRef = 165CFE0C209B7D6D00D4F038 /* SixersView.swift */; };
		165CFE0F209B7E9700D4F038 /* EaglesView.swift in Sources */ = {isa = PBXBuildFile; fileRef = 165CFE0E209B7E9700D4F038 /* EaglesView.swift */; };
		165CFE11209B806300D4F038 /* PhilliesView.swift in Sources */ = {isa = PBXBuildFile; fileRef = 165CFE10209B806300D4F038 /* PhilliesView.swift */; };
		165CFE13209B817400D4F038 /* FlyersView.swift in Sources */ = {isa = PBXBuildFile; fileRef = 165CFE12209B817400D4F038 /* FlyersView.swift */; };
/* End PBXBuildFile section */

/* Begin PBXFileReference section */
		1618E0BB20A3625C00825DA8 /* PhilliesTeamView.swift */ = {isa = PBXFileReference; fileEncoding = 4; lastKnownFileType = sourcecode.swift; path = PhilliesTeamView.swift; sourceTree = "<group>"; };
		1618E0BD20A3654900825DA8 /* FlyersTeamView.swift */ = {isa = PBXFileReference; fileEncoding = 4; lastKnownFileType = sourcecode.swift; path = FlyersTeamView.swift; sourceTree = "<group>"; };
		1618E0BF20A3689500825DA8 /* JoelEmbiidView.swift */ = {isa = PBXFileReference; fileEncoding = 4; lastKnownFileType = sourcecode.swift; path = JoelEmbiidView.swift; sourceTree = "<group>"; };
		161D84AF209CCA19002B90EB /* SixersTeamStats.swift */ = {isa = PBXFileReference; fileEncoding = 4; lastKnownFileType = sourcecode.swift; path = SixersTeamStats.swift; sourceTree = "<group>"; };
		161D84B1209CD068002B90EB /* EaglesTeamStats.swift */ = {isa = PBXFileReference; fileEncoding = 4; lastKnownFileType = sourcecode.swift; path = EaglesTeamStats.swift; sourceTree = "<group>"; };
		163D182620A603FA00AE67D9 /* BenSimmonsView.swift */ = {isa = PBXFileReference; fileEncoding = 4; lastKnownFileType = sourcecode.swift; path = BenSimmonsView.swift; sourceTree = "<group>"; };
		163D182820A6059200AE67D9 /* JJRedickView.swift */ = {isa = PBXFileReference; fileEncoding = 4; lastKnownFileType = sourcecode.swift; path = JJRedickView.swift; sourceTree = "<group>"; };
		163D182A20A606FE00AE67D9 /* DarioSaricView.swift */ = {isa = PBXFileReference; fileEncoding = 4; lastKnownFileType = sourcecode.swift; path = DarioSaricView.swift; sourceTree = "<group>"; };
		163D182C20A6086700AE67D9 /* ClaudeGirouxView.swift */ = {isa = PBXFileReference; fileEncoding = 4; lastKnownFileType = sourcecode.swift; path = ClaudeGirouxView.swift; sourceTree = "<group>"; };
		163D182E20A609CE00AE67D9 /* JakeArrietaView.swift */ = {isa = PBXFileReference; fileEncoding = 4; lastKnownFileType = sourcecode.swift; path = JakeArrietaView.swift; sourceTree = "<group>"; };
		163D183020A60ADE00AE67D9 /* CarsonWentzView.swift */ = {isa = PBXFileReference; fileEncoding = 4; lastKnownFileType = sourcecode.swift; path = CarsonWentzView.swift; sourceTree = "<group>"; };
		1643E33620A9F8DE00A27BC1 /* ShayneGostisbehereView.swift */ = {isa = PBXFileReference; fileEncoding = 4; lastKnownFileType = sourcecode.swift; path = ShayneGostisbehereView.swift; sourceTree = "<group>"; };
		1643E33820A9F9CE00A27BC1 /* DarrenSprolesView.swift */ = {isa = PBXFileReference; fileEncoding = 4; lastKnownFileType = sourcecode.swift; path = DarrenSprolesView.swift; sourceTree = "<group>"; };
		1643E33A20A9FB7300A27BC1 /* AaronNolaView.swift */ = {isa = PBXFileReference; fileEncoding = 4; lastKnownFileType = sourcecode.swift; path = AaronNolaView.swift; sourceTree = "<group>"; };
		1643E33C20A9FC6A00A27BC1 /* NickWilliamsView.swift */ = {isa = PBXFileReference; fileEncoding = 4; lastKnownFileType = sourcecode.swift; path = NickWilliamsView.swift; sourceTree = "<group>"; };
		1643E33E20A9FE3800A27BC1 /* OdubelHerreraView.swift */ = {isa = PBXFileReference; fileEncoding = 4; lastKnownFileType = sourcecode.swift; path = OdubelHerreraView.swift; sourceTree = "<group>"; };
		1643E34020A9FF6F00A27BC1 /* AlshonJefferyView.swift */ = {isa = PBXFileReference; fileEncoding = 4; lastKnownFileType = sourcecode.swift; path = AlshonJefferyView.swift; sourceTree = "<group>"; };
		165CFDF7209B7B2600D4F038 /* Philly Sports App.app */ = {isa = PBXFileReference; explicitFileType = wrapper.application; includeInIndex = 0; path = "Philly Sports App.app"; sourceTree = BUILT_PRODUCTS_DIR; };
		165CFDFA209B7B2600D4F038 /* AppDelegate.swift */ = {isa = PBXFileReference; lastKnownFileType = sourcecode.swift; path = AppDelegate.swift; sourceTree = "<group>"; };
		165CFDFC209B7B2600D4F038 /* ViewController.swift */ = {isa = PBXFileReference; lastKnownFileType = sourcecode.swift; path = ViewController.swift; sourceTree = "<group>"; };
		165CFDFF209B7B2700D4F038 /* Base */ = {isa = PBXFileReference; lastKnownFileType = file.storyboard; name = Base; path = Base.lproj/Main.storyboard; sourceTree = "<group>"; };
		165CFE01209B7B2700D4F038 /* Assets.xcassets */ = {isa = PBXFileReference; lastKnownFileType = folder.assetcatalog; path = Assets.xcassets; sourceTree = "<group>"; };
		165CFE04209B7B2700D4F038 /* Base */ = {isa = PBXFileReference; lastKnownFileType = file.storyboard; name = Base; path = Base.lproj/LaunchScreen.storyboard; sourceTree = "<group>"; };
		165CFE06209B7B2700D4F038 /* Info.plist */ = {isa = PBXFileReference; lastKnownFileType = text.plist.xml; path = Info.plist; sourceTree = "<group>"; };
		165CFE0C209B7D6D00D4F038 /* SixersView.swift */ = {isa = PBXFileReference; fileEncoding = 4; lastKnownFileType = sourcecode.swift; path = SixersView.swift; sourceTree = "<group>"; };
		165CFE0E209B7E9700D4F038 /* EaglesView.swift */ = {isa = PBXFileReference; fileEncoding = 4; lastKnownFileType = sourcecode.swift; path = EaglesView.swift; sourceTree = "<group>"; };
		165CFE10209B806300D4F038 /* PhilliesView.swift */ = {isa = PBXFileReference; fileEncoding = 4; lastKnownFileType = sourcecode.swift; path = PhilliesView.swift; sourceTree = "<group>"; };
		165CFE12209B817400D4F038 /* FlyersView.swift */ = {isa = PBXFileReference; fileEncoding = 4; lastKnownFileType = sourcecode.swift; path = FlyersView.swift; sourceTree = "<group>"; };
/* End PBXFileReference section */

/* Begin PBXFrameworksBuildPhase section */
		165CFDF4209B7B2600D4F038 /* Frameworks */ = {
			isa = PBXFrameworksBuildPhase;
			buildActionMask = 2147483647;
			files = (
			);
			runOnlyForDeploymentPostprocessing = 0;
		};
/* End PBXFrameworksBuildPhase section */

/* Begin PBXGroup section */
		165CFDEE209B7B2600D4F038 = {
			isa = PBXGroup;
			children = (
				165CFDF9209B7B2600D4F038 /* Philly Sports App */,
				165CFDF8209B7B2600D4F038 /* Products */,
			);
			sourceTree = "<group>";
		};
		165CFDF8209B7B2600D4F038 /* Products */ = {
			isa = PBXGroup;
			children = (
				165CFDF7209B7B2600D4F038 /* Philly Sports App.app */,
			);
			name = Products;
			sourceTree = "<group>";
		};
		165CFDF9209B7B2600D4F038 /* Philly Sports App */ = {
			isa = PBXGroup;
			children = (
				165CFDFA209B7B2600D4F038 /* AppDelegate.swift */,
				165CFDFC209B7B2600D4F038 /* ViewController.swift */,
				165CFDFE209B7B2700D4F038 /* Main.storyboard */,
				165CFE12209B817400D4F038 /* FlyersView.swift */,
				1618E0BD20A3654900825DA8 /* FlyersTeamView.swift */,
				1643E33620A9F8DE00A27BC1 /* ShayneGostisbehereView.swift */,
				163D182C20A6086700AE67D9 /* ClaudeGirouxView.swift */,
				165CFE10209B806300D4F038 /* PhilliesView.swift */,
				1618E0BB20A3625C00825DA8 /* PhilliesTeamView.swift */,
				163D182E20A609CE00AE67D9 /* JakeArrietaView.swift */,
				1643E33A20A9FB7300A27BC1 /* AaronNolaView.swift */,
				1643E33C20A9FC6A00A27BC1 /* NickWilliamsView.swift */,
				1643E33E20A9FE3800A27BC1 /* OdubelHerreraView.swift */,
				165CFE0E209B7E9700D4F038 /* EaglesView.swift */,
				161D84B1209CD068002B90EB /* EaglesTeamStats.swift */,
				163D183020A60ADE00AE67D9 /* CarsonWentzView.swift */,
				1643E33820A9F9CE00A27BC1 /* DarrenSprolesView.swift */,
				1643E34020A9FF6F00A27BC1 /* AlshonJefferyView.swift */,
				165CFE0C209B7D6D00D4F038 /* SixersView.swift */,
				161D84AF209CCA19002B90EB /* SixersTeamStats.swift */,
				1618E0BF20A3689500825DA8 /* JoelEmbiidView.swift */,
				163D182620A603FA00AE67D9 /* BenSimmonsView.swift */,
				163D182820A6059200AE67D9 /* JJRedickView.swift */,
				163D182A20A606FE00AE67D9 /* DarioSaricView.swift */,
				165CFE01209B7B2700D4F038 /* Assets.xcassets */,
				165CFE03209B7B2700D4F038 /* LaunchScreen.storyboard */,
				165CFE06209B7B2700D4F038 /* Info.plist */,
			);
			path = "Philly Sports App";
			sourceTree = "<group>";
		};
/* End PBXGroup section */

/* Begin PBXNativeTarget section */
		165CFDF6209B7B2600D4F038 /* Philly Sports App */ = {
			isa = PBXNativeTarget;
			buildConfigurationList = 165CFE09209B7B2700D4F038 /* Build configuration list for PBXNativeTarget "Philly Sports App" */;
			buildPhases = (
				165CFDF3209B7B2600D4F038 /* Sources */,
				165CFDF4209B7B2600D4F038 /* Frameworks */,
				165CFDF5209B7B2600D4F038 /* Resources */,
			);
			buildRules = (
			);
			dependencies = (
			);
			name = "Philly Sports App";
			productName = "Philly Sports App";
			productReference = 165CFDF7209B7B2600D4F038 /* Philly Sports App.app */;
			productType = "com.apple.product-type.application";
		};
/* End PBXNativeTarget section */

/* Begin PBXProject section */
		165CFDEF209B7B2600D4F038 /* Project object */ = {
			isa = PBXProject;
			attributes = {
				LastSwiftUpdateCheck = 0830;
				LastUpgradeCheck = 0830;
				ORGANIZATIONNAME = "McCusker James";
				TargetAttributes = {
					165CFDF6209B7B2600D4F038 = {
						CreatedOnToolsVersion = 8.3.3;
						ProvisioningStyle = Automatic;
					};
				};
			};
			buildConfigurationList = 165CFDF2209B7B2600D4F038 /* Build configuration list for PBXProject "Philly Sports App" */;
			compatibilityVersion = "Xcode 3.2";
			developmentRegion = English;
			hasScannedForEncodings = 0;
			knownRegions = (
				en,
				Base,
			);
			mainGroup = 165CFDEE209B7B2600D4F038;
			productRefGroup = 165CFDF8209B7B2600D4F038 /* Products */;
			projectDirPath = "";
			projectRoot = "";
			targets = (
				165CFDF6209B7B2600D4F038 /* Philly Sports App */,
			);
		};
/* End PBXProject section */

/* Begin PBXResourcesBuildPhase section */
		165CFDF5209B7B2600D4F038 /* Resources */ = {
			isa = PBXResourcesBuildPhase;
			buildActionMask = 2147483647;
			files = (
				165CFE05209B7B2700D4F038 /* LaunchScreen.storyboard in Resources */,
				165CFE02209B7B2700D4F038 /* Assets.xcassets in Resources */,
				165CFE00209B7B2700D4F038 /* Main.storyboard in Resources */,
			);
			runOnlyForDeploymentPostprocessing = 0;
		};
/* End PBXResourcesBuildPhase section */

/* Begin PBXSourcesBuildPhase section */
		165CFDF3209B7B2600D4F038 /* Sources */ = {
			isa = PBXSourcesBuildPhase;
			buildActionMask = 2147483647;
			files = (
				165CFE11209B806300D4F038 /* PhilliesView.swift in Sources */,
				165CFE0D209B7D6D00D4F038 /* SixersView.swift in Sources */,
				165CFDFD209B7B2600D4F038 /* ViewController.swift in Sources */,
				165CFE13209B817400D4F038 /* FlyersView.swift in Sources */,
				1643E33B20A9FB7300A27BC1 /* AaronNolaView.swift in Sources */,
				163D183120A60ADE00AE67D9 /* CarsonWentzView.swift in Sources */,
				163D182920A6059200AE67D9 /* JJRedickView.swift in Sources */,
				1618E0C020A3689500825DA8 /* JoelEmbiidView.swift in Sources */,
				1643E33920A9F9CE00A27BC1 /* DarrenSprolesView.swift in Sources */,
				1618E0BC20A3625C00825DA8 /* PhilliesTeamView.swift in Sources */,
				1643E34120A9FF6F00A27BC1 /* AlshonJefferyView.swift in Sources */,
				161D84B0209CCA19002B90EB /* SixersTeamStats.swift in Sources */,
				1618E0BE20A3654900825DA8 /* FlyersTeamView.swift in Sources */,
				165CFDFB209B7B2600D4F038 /* AppDelegate.swift in Sources */,
				1643E33D20A9FC6A00A27BC1 /* NickWilliamsView.swift in Sources */,
				163D182720A603FA00AE67D9 /* BenSimmonsView.swift in Sources */,
				1643E33F20A9FE3800A27BC1 /* OdubelHerreraView.swift in Sources */,
				163D182D20A6086700AE67D9 /* ClaudeGirouxView.swift in Sources */,
				163D182B20A606FE00AE67D9 /* DarioSaricView.swift in Sources */,
				1643E33720A9F8DE00A27BC1 /* ShayneGostisbehereView.swift in Sources */,
				165CFE0F209B7E9700D4F038 /* EaglesView.swift in Sources */,
				163D182F20A609CE00AE67D9 /* JakeArrietaView.swift in Sources */,
				161D84B2209CD068002B90EB /* EaglesTeamStats.swift in Sources */,
			);
			runOnlyForDeploymentPostprocessing = 0;
		};
/* End PBXSourcesBuildPhase section */

/* Begin PBXVariantGroup section */
		165CFDFE209B7B2700D4F038 /* Main.storyboard */ = {
			isa = PBXVariantGroup;
			children = (
				165CFDFF209B7B2700D4F038 /* Base */,
			);
			name = Main.storyboard;
			sourceTree = "<group>";
		};
		165CFE03209B7B2700D4F038 /* LaunchScreen.storyboard */ = {
			isa = PBXVariantGroup;
			children = (
				165CFE04209B7B2700D4F038 /* Base */,
			);
			name = LaunchScreen.storyboard;
			sourceTree = "<group>";
		};
/* End PBXVariantGroup section */

/* Begin XCBuildConfiguration section */
		165CFE07209B7B2700D4F038 /* Debug */ = {
			isa = XCBuildConfiguration;
			buildSettings = {
				ALWAYS_SEARCH_USER_PATHS = NO;
				CLANG_ANALYZER_NONNULL = YES;
				CLANG_ANALYZER_NUMBER_OBJECT_CONVERSION = YES_AGGRESSIVE;
				CLANG_CXX_LANGUAGE_STANDARD = "gnu++0x";
				CLANG_CXX_LIBRARY = "libc++";
				CLANG_ENABLE_MODULES = YES;
				CLANG_ENABLE_OBJC_ARC = YES;
				CLANG_WARN_BOOL_CONVERSION = YES;
				CLANG_WARN_CONSTANT_CONVERSION = YES;
				CLANG_WARN_DIRECT_OBJC_ISA_USAGE = YES_ERROR;
				CLANG_WARN_DOCUMENTATION_COMMENTS = YES;
				CLANG_WARN_EMPTY_BODY = YES;
				CLANG_WARN_ENUM_CONVERSION = YES;
				CLANG_WARN_INFINITE_RECURSION = YES;
				CLANG_WARN_INT_CONVERSION = YES;
				CLANG_WARN_OBJC_ROOT_CLASS = YES_ERROR;
				CLANG_WARN_SUSPICIOUS_MOVE = YES;
				CLANG_WARN_UNREACHABLE_CODE = YES;
				CLANG_WARN__DUPLICATE_METHOD_MATCH = YES;
				"CODE_SIGN_IDENTITY[sdk=iphoneos*]" = "iPhone Developer";
				COPY_PHASE_STRIP = NO;
				DEBUG_INFORMATION_FORMAT = dwarf;
				ENABLE_STRICT_OBJC_MSGSEND = YES;
				ENABLE_TESTABILITY = YES;
				GCC_C_LANGUAGE_STANDARD = gnu99;
				GCC_DYNAMIC_NO_PIC = NO;
				GCC_NO_COMMON_BLOCKS = YES;
				GCC_OPTIMIZATION_LEVEL = 0;
				GCC_PREPROCESSOR_DEFINITIONS = (
					"DEBUG=1",
					"$(inherited)",
				);
				GCC_WARN_64_TO_32_BIT_CONVERSION = YES;
				GCC_WARN_ABOUT_RETURN_TYPE = YES_ERROR;
				GCC_WARN_UNDECLARED_SELECTOR = YES;
				GCC_WARN_UNINITIALIZED_AUTOS = YES_AGGRESSIVE;
				GCC_WARN_UNUSED_FUNCTION = YES;
				GCC_WARN_UNUSED_VARIABLE = YES;
				IPHONEOS_DEPLOYMENT_TARGET = 10.3;
				MTL_ENABLE_DEBUG_INFO = YES;
				ONLY_ACTIVE_ARCH = YES;
				SDKROOT = iphoneos;
				SWIFT_ACTIVE_COMPILATION_CONDITIONS = DEBUG;
				SWIFT_OPTIMIZATION_LEVEL = "-Onone";
				TARGETED_DEVICE_FAMILY = "1,2";
			};
			name = Debug;
		};
		165CFE08209B7B2700D4F038 /* Release */ = {
			isa = XCBuildConfiguration;
			buildSettings = {
				ALWAYS_SEARCH_USER_PATHS = NO;
				CLANG_ANALYZER_NONNULL = YES;
				CLANG_ANALYZER_NUMBER_OBJECT_CONVERSION = YES_AGGRESSIVE;
				CLANG_CXX_LANGUAGE_STANDARD = "gnu++0x";
				CLANG_CXX_LIBRARY = "libc++";
				CLANG_ENABLE_MODULES = YES;
				CLANG_ENABLE_OBJC_ARC = YES;
				CLANG_WARN_BOOL_CONVERSION = YES;
				CLANG_WARN_CONSTANT_CONVERSION = YES;
				CLANG_WARN_DIRECT_OBJC_ISA_USAGE = YES_ERROR;
				CLANG_WARN_DOCUMENTATION_COMMENTS = YES;
				CLANG_WARN_EMPTY_BODY = YES;
				CLANG_WARN_ENUM_CONVERSION = YES;
				CLANG_WARN_INFINITE_RECURSION = YES;
				CLANG_WARN_INT_CONVERSION = YES;
				CLANG_WARN_OBJC_ROOT_CLASS = YES_ERROR;
				CLANG_WARN_SUSPICIOUS_MOVE = YES;
				CLANG_WARN_UNREACHABLE_CODE = YES;
				CLANG_WARN__DUPLICATE_METHOD_MATCH = YES;
				"CODE_SIGN_IDENTITY[sdk=iphoneos*]" = "iPhone Developer";
				COPY_PHASE_STRIP = NO;
				DEBUG_INFORMATION_FORMAT = "dwarf-with-dsym";
				ENABLE_NS_ASSERTIONS = NO;
				ENABLE_STRICT_OBJC_MSGSEND = YES;
				GCC_C_LANGUAGE_STANDARD = gnu99;
				GCC_NO_COMMON_BLOCKS = YES;
				GCC_WARN_64_TO_32_BIT_CONVERSION = YES;
				GCC_WARN_ABOUT_RETURN_TYPE = YES_ERROR;
				GCC_WARN_UNDECLARED_SELECTOR = YES;
				GCC_WARN_UNINITIALIZED_AUTOS = YES_AGGRESSIVE;
				GCC_WARN_UNUSED_FUNCTION = YES;
				GCC_WARN_UNUSED_VARIABLE = YES;
				IPHONEOS_DEPLOYMENT_TARGET = 10.3;
				MTL_ENABLE_DEBUG_INFO = NO;
				SDKROOT = iphoneos;
				SWIFT_OPTIMIZATION_LEVEL = "-Owholemodule";
				TARGETED_DEVICE_FAMILY = "1,2";
				VALIDATE_PRODUCT = YES;
			};
			name = Release;
		};
		165CFE0A209B7B2700D4F038 /* Debug */ = {
			isa = XCBuildConfiguration;
			buildSettings = {
				ASSETCATALOG_COMPILER_APPICON_NAME = AppIcon;
				INFOPLIST_FILE = "Philly Sports App/Info.plist";
				LD_RUNPATH_SEARCH_PATHS = "$(inherited) @executable_path/Frameworks";
				PRODUCT_BUNDLE_IDENTIFIER = "com.cohs.Philly-Sports-App";
				PRODUCT_NAME = "$(TARGET_NAME)";
				SWIFT_VERSION = 3.0;
			};
			name = Debug;
		};
		165CFE0B209B7B2700D4F038 /* Release */ = {
			isa = XCBuildConfiguration;
			buildSettings = {
				ASSETCATALOG_COMPILER_APPICON_NAME = AppIcon;
				INFOPLIST_FILE = "Philly Sports App/Info.plist";
				LD_RUNPATH_SEARCH_PATHS = "$(inherited) @executable_path/Frameworks";
				PRODUCT_BUNDLE_IDENTIFIER = "com.cohs.Philly-Sports-App";
				PRODUCT_NAME = "$(TARGET_NAME)";
				SWIFT_VERSION = 3.0;
			};
			name = Release;
		};
/* End XCBuildConfiguration section */

/* Begin XCConfigurationList section */
		165CFDF2209B7B2600D4F038 /* Build configuration list for PBXProject "Philly Sports App" */ = {
			isa = XCConfigurationList;
			buildConfigurations = (
				165CFE07209B7B2700D4F038 /* Debug */,
				165CFE08209B7B2700D4F038 /* Release */,
			);
			defaultConfigurationIsVisible = 0;
			defaultConfigurationName = Release;
		};
		165CFE09209B7B2700D4F038 /* Build configuration list for PBXNativeTarget "Philly Sports App" */ = {
			isa = XCConfigurationList;
			buildConfigurations = (
				165CFE0A209B7B2700D4F038 /* Debug */,
				165CFE0B209B7B2700D4F038 /* Release */,
			);
			defaultConfigurationIsVisible = 0;
			defaultConfigurationName = Release;
		};
/* End XCConfigurationList section */
	};
	rootObject = 165CFDEF209B7B2600D4F038 /* Project object */;
}
